
Microsoft Visual Studio Solution File, Format Version 12.00
# Visual Studio Version 17
VisualStudioVersion = 17.14.36310.24 d17.14
MinimumVisualStudioVersion = 10.0.40219.1
Project("{FAE04EC0-301F-11D3-BF4B-00C04F79EFBC}") = "EmployeeManagment", "EmployeeManagment\EmployeeManagment.csproj", "{B227F7D9-994E-4154-9A97-F3F60E61D3FD}"
EndProject
Global
	GlobalSection(SolutionConfigurationPlatforms) = preSolution
		Debug|Any CPU = Debug|Any CPU
		Release|Any CPU = Release|Any CPU
	EndGlobalSection
	GlobalSection(ProjectConfigurationPlatforms) = postSolution
		{B227F7D9-994E-4154-9A97-F3F60E61D3FD}.Debug|Any CPU.ActiveCfg = Debug|Any CPU
		{B227F7D9-994E-4154-9A97-F3F60E61D3FD}.Debug|Any CPU.Build.0 = Debug|Any CPU
		{B227F7D9-994E-4154-9A97-F3F60E61D3FD}.Release|Any CPU.ActiveCfg = Release|Any CPU
		{B227F7D9-994E-4154-9A97-F3F60E61D3FD}.Release|Any CPU.Build.0 = Release|Any CPU
	EndGlobalSection
	GlobalSection(SolutionProperties) = preSolution
		HideSolutionNode = FALSE
	EndGlobalSection
	GlobalSection(ExtensibilityGlobals) = postSolution
		SolutionGuid = {BC4E7780-9AFF-4181-B0A0-68A80FA44D1D}
	EndGlobalSection
EndGlobal
